
Microsoft Visual Studio Solution File, Format Version 12.00
# Visual Studio Version 17
VisualStudioVersion = 17.13.35806.99
MinimumVisualStudioVersion = 10.0.40219.1
Project("{FAE04EC0-301F-11D3-BF4B-00C04F79EFBC}") = "KnockKnock.Web", "KnockKnock.Web\KnockKnock.Web.csproj", "{17658C37-5AA7-48EC-828E-7D80BD21D230}"
EndProject
Project("{FAE04EC0-301F-11D3-BF4B-00C04F79EFBC}") = "KnockKnock.WPF", "KnockKnock.WPF\KnockKnock.WPF.csproj", "{358CC2D2-C767-4B66-96CF-22CC805078A6}"
EndProject
Project("{FAE04EC0-301F-11D3-BF4B-00C04F79EFBC}") = "KnockKnock.Service", "KnockKnock.Service\KnockKnock.Service.csproj", "{40A89362-55D9-4A39-968A-D8B6994F5507}"
EndProject
Global
	GlobalSection(SolutionConfigurationPlatforms) = preSolution
		Debug|Any CPU = Debug|Any CPU
		Release|Any CPU = Release|Any CPU
	EndGlobalSection
	GlobalSection(ProjectConfigurationPlatforms) = postSolution
		{17658C37-5AA7-48EC-828E-7D80BD21D230}.Debug|Any CPU.ActiveCfg = Debug|Any CPU
		{17658C37-5AA7-48EC-828E-7D80BD21D230}.Debug|Any CPU.Build.0 = Debug|Any CPU
		{17658C37-5AA7-48EC-828E-7D80BD21D230}.Release|Any CPU.ActiveCfg = Release|Any CPU
		{17658C37-5AA7-48EC-828E-7D80BD21D230}.Release|Any CPU.Build.0 = Release|Any CPU
		{358CC2D2-C767-4B66-96CF-22CC805078A6}.Debug|Any CPU.ActiveCfg = Debug|Any CPU
		{358CC2D2-C767-4B66-96CF-22CC805078A6}.Debug|Any CPU.Build.0 = Debug|Any CPU
		{358CC2D2-C767-4B66-96CF-22CC805078A6}.Release|Any CPU.ActiveCfg = Release|Any CPU
		{358CC2D2-C767-4B66-96CF-22CC805078A6}.Release|Any CPU.Build.0 = Release|Any CPU
		{40A89362-55D9-4A39-968A-D8B6994F5507}.Debug|Any CPU.ActiveCfg = Debug|Any CPU
		{40A89362-55D9-4A39-968A-D8B6994F5507}.Debug|Any CPU.Build.0 = Debug|Any CPU
		{40A89362-55D9-4A39-968A-D8B6994F5507}.Release|Any CPU.ActiveCfg = Release|Any CPU
		{40A89362-55D9-4A39-968A-D8B6994F5507}.Release|Any CPU.Build.0 = Release|Any CPU
	EndGlobalSection
	GlobalSection(SolutionProperties) = preSolution
		HideSolutionNode = FALSE
	EndGlobalSection
	GlobalSection(ExtensibilityGlobals) = postSolution
		SolutionGuid = {457FA96A-537B-457F-816D-C734FC0B394B}
	EndGlobalSection
EndGlobal
